{
  "requires": true,
  "lockfileVersion": 1,
  "dependencies": {
    "@ngxs/store": {
      "version": "3.7.2",
      "resolved": "https://registry.npmjs.org/@ngxs/store/-/store-3.7.2.tgz",
      "integrity": "sha512-1cnAjHOGCovfvhjtcAWBajrMXos97Un3c8ekKoS8FIHnq3aQOzY/ePspDRNi9kTcuBJ/r/xl097JC1ssEuNbyg==",
      "requires": {
        "tslib": "^1.9.0"
      }
    },
    "tslib": {
      "version": "1.14.1",
      "resolved": "https://registry.npmjs.org/tslib/-/tslib-1.14.1.tgz",
      "integrity": "sha512-Xni35NKzjgMrwevysHTCArtLDpPvye8zV/0E4EyYn43P7/7qvQwPh9BGkHewbMulVntbigmcT7rdX3BNo9wRJg=="
    }
  }
}
